// !$*UTF8*$!
{
	archiveVersion = 1;
	classes = {
	};
	objectVersion = 56;
	objects = {

/* Begin PBXBuildFile section */
		1104FEE92CB19C7800400826 /* GameModel.swift in Sources */ = {isa = PBXBuildFile; fileRef = 1104FEE82CB19C7800400826 /* GameModel.swift */; };
		1104FEEB2CB19DC400400826 /* PCGameLogic.swift in Sources */ = {isa = PBXBuildFile; fileRef = 1104FEEA2CB19DC400400826 /* PCGameLogic.swift */; };
		11F9E9272CAD3C4C00832B7F /* GameViewController.swift in Sources */ = {isa = PBXBuildFile; fileRef = 11F9E9262CAD3C4C00832B7F /* GameViewController.swift */; };
		11F9E9292CAD3C7200832B7F /* GameCollectionViewCell.swift in Sources */ = {isa = PBXBuildFile; fileRef = 11F9E9282CAD3C7200832B7F /* GameCollectionViewCell.swift */; };
		11F9E92C2CAD3E0C00832B7F /* GameView.swift in Sources */ = {isa = PBXBuildFile; fileRef = 11F9E92B2CAD3E0C00832B7F /* GameView.swift */; };
		11F9E92E2CAD5FC000832B7F /* ColorExtension.swift in Sources */ = {isa = PBXBuildFile; fileRef = 11F9E92D2CAD5FC000832B7F /* ColorExtension.swift */; };
		11F9E9302CAD655000832B7F /* ImageExtension.swift in Sources */ = {isa = PBXBuildFile; fileRef = 11F9E92F2CAD655000832B7F /* ImageExtension.swift */; };
		11F9E9322CAD6CB500832B7F /* UIViewExtensions.swift in Sources */ = {isa = PBXBuildFile; fileRef = 11F9E9312CAD6CB500832B7F /* UIViewExtensions.swift */; };
		11F9E9342CAD703500832B7F /* UIImageViewFactory.swift in Sources */ = {isa = PBXBuildFile; fileRef = 11F9E9332CAD703500832B7F /* UIImageViewFactory.swift */; };
		11F9E9362CAD737A00832B7F /* LabelFactory.swift in Sources */ = {isa = PBXBuildFile; fileRef = 11F9E9352CAD737A00832B7F /* LabelFactory.swift */; };
		16E05B7B2CAF07C60039604C /* LeaderboardView.swift in Sources */ = {isa = PBXBuildFile; fileRef = 16E05B782CAF07C60039604C /* LeaderboardView.swift */; };
		16E05B7C2CAF07C60039604C /* LeaderModel.swift in Sources */ = {isa = PBXBuildFile; fileRef = 16E05B792CAF07C60039604C /* LeaderModel.swift */; };
		16E05B7D2CAF07C60039604C /* LeaderboardViewController.swift in Sources */ = {isa = PBXBuildFile; fileRef = 16E05B772CAF07C60039604C /* LeaderboardViewController.swift */; };
		16E05B7E2CAF07C60039604C /* LeaderCell.swift in Sources */ = {isa = PBXBuildFile; fileRef = 16E05B762CAF07C60039604C /* LeaderCell.swift */; };
		D113EEDD2CB05B780065E5D5 /* StorageManager.swift in Sources */ = {isa = PBXBuildFile; fileRef = D113EEDC2CB05B770065E5D5 /* StorageManager.swift */; };
		D11DAA492CB0456000B32A67 /* SettingViewCell.swift in Sources */ = {isa = PBXBuildFile; fileRef = D11DAA462CB0456000B32A67 /* SettingViewCell.swift */; };
		D11DAA4A2CB0456000B32A67 /* GameSettingsViewController.swift in Sources */ = {isa = PBXBuildFile; fileRef = D11DAA472CB0456000B32A67 /* GameSettingsViewController.swift */; };
		D11DAA4B2CB0456000B32A67 /* GameTimeView.swift in Sources */ = {isa = PBXBuildFile; fileRef = D11DAA482CB0456000B32A67 /* GameTimeView.swift */; };
		D12837032CADA717004E024F /* RuleView.swift in Sources */ = {isa = PBXBuildFile; fileRef = D12836FF2CADA717004E024F /* RuleView.swift */; };
		D12837042CADA717004E024F /* RuleModel.swift in Sources */ = {isa = PBXBuildFile; fileRef = D12837002CADA717004E024F /* RuleModel.swift */; };
		D12837052CADA717004E024F /* RuleViewFactory.swift in Sources */ = {isa = PBXBuildFile; fileRef = D12837012CADA717004E024F /* RuleViewFactory.swift */; };
		D12837062CADA717004E024F /* RulesViewController.swift in Sources */ = {isa = PBXBuildFile; fileRef = D12837022CADA717004E024F /* RulesViewController.swift */; };
		D14462D22CA9E7DD00896542 /* UIButton_Extension.swift in Sources */ = {isa = PBXBuildFile; fileRef = D14462D12CA9E7DD00896542 /* UIButton_Extension.swift */; };
		D18696442CA9ADA200647D14 /* AppDelegate.swift in Sources */ = {isa = PBXBuildFile; fileRef = D18696432CA9ADA200647D14 /* AppDelegate.swift */; };
		D18696462CA9ADA200647D14 /* SceneDelegate.swift in Sources */ = {isa = PBXBuildFile; fileRef = D18696452CA9ADA200647D14 /* SceneDelegate.swift */; };
		D18696482CA9ADA200647D14 /* OnboardingViewController.swift in Sources */ = {isa = PBXBuildFile; fileRef = D18696472CA9ADA200647D14 /* OnboardingViewController.swift */; };
		D186964D2CA9ADA700647D14 /* Assets.xcassets in Resources */ = {isa = PBXBuildFile; fileRef = D186964C2CA9ADA700647D14 /* Assets.xcassets */; };
		D18696502CA9ADA700647D14 /* LaunchScreen.storyboard in Resources */ = {isa = PBXBuildFile; fileRef = D186964E2CA9ADA700647D14 /* LaunchScreen.storyboard */; };
		D1EFF6D82CAE09F6008837FC /* SelectGameViewController.swift in Sources */ = {isa = PBXBuildFile; fileRef = D1EFF6D72CAE09F6008837FC /* SelectGameViewController.swift */; };
		D1EFF6DE2CAE1004008837FC /* UIViewController_Extension.swift in Sources */ = {isa = PBXBuildFile; fileRef = D1EFF6DD2CAE1004008837FC /* UIViewController_Extension.swift */; };
		D1EFF6E02CAE115E008837FC /* BaseViewController.swift in Sources */ = {isa = PBXBuildFile; fileRef = D1EFF6DF2CAE115E008837FC /* BaseViewController.swift */; };
		D1F25DAD2CA9D26F00DD3FF8 /* ResultsViewController.swift in Sources */ = {isa = PBXBuildFile; fileRef = D1F25DAC2CA9D26F00DD3FF8 /* ResultsViewController.swift */; };
		FA184AF72CADAA690026315F /* SelectGameView.swift in Sources */ = {isa = PBXBuildFile; fileRef = FA184AF62CADAA690026315F /* SelectGameView.swift */; };
		FA63363F2CB16AEA00079D41 /* MusicManager.swift in Sources */ = {isa = PBXBuildFile; fileRef = FA63363E2CB16AE400079D41 /* MusicManager.swift */; };
		FA6336422CB1711F00079D41 /* backgroundMusic.mp3 in Resources */ = {isa = PBXBuildFile; fileRef = FA6336412CB1711F00079D41 /* backgroundMusic.mp3 */; };
		FAA1C9DA2CAD77A100E94550 /* OnboardingView.swift in Sources */ = {isa = PBXBuildFile; fileRef = FAA1C9D92CAD77A100E94550 /* OnboardingView.swift */; };
		FC22212C2CAC607200FB0F48 /* ResultModel.swift in Sources */ = {isa = PBXBuildFile; fileRef = FC22212B2CAC607200FB0F48 /* ResultModel.swift */; };
		FC22212E2CAC609300FB0F48 /* ResultView.swift in Sources */ = {isa = PBXBuildFile; fileRef = FC22212D2CAC609300FB0F48 /* ResultView.swift */; };
		FC732F702CB05E6D0003D00D /* TwoPlayerGameCollectionViewCell.swift in Sources */ = {isa = PBXBuildFile; fileRef = FC732F6F2CB05E6D0003D00D /* TwoPlayerGameCollectionViewCell.swift */; };
		FC732F722CB05E750003D00D /* TwoPlayerGameLogic.swift in Sources */ = {isa = PBXBuildFile; fileRef = FC732F712CB05E750003D00D /* TwoPlayerGameLogic.swift */; };
		FC732F742CB05E7A0003D00D /* TwoPlayerGameView.swift in Sources */ = {isa = PBXBuildFile; fileRef = FC732F732CB05E7A0003D00D /* TwoPlayerGameView.swift */; };
		FC732F762CB05E7E0003D00D /* TwoPlayerGameViewController.swift in Sources */ = {isa = PBXBuildFile; fileRef = FC732F752CB05E7E0003D00D /* TwoPlayerGameViewController.swift */; };
/* End PBXBuildFile section */

/* Begin PBXFileReference section */
		1104FEE82CB19C7800400826 /* GameModel.swift */ = {isa = PBXFileReference; lastKnownFileType = sourcecode.swift; path = GameModel.swift; sourceTree = "<group>"; };
		1104FEEA2CB19DC400400826 /* PCGameLogic.swift */ = {isa = PBXFileReference; lastKnownFileType = sourcecode.swift; path = PCGameLogic.swift; sourceTree = "<group>"; };
		11F9E9262CAD3C4C00832B7F /* GameViewController.swift */ = {isa = PBXFileReference; lastKnownFileType = sourcecode.swift; path = GameViewController.swift; sourceTree = "<group>"; };
		11F9E9282CAD3C7200832B7F /* GameCollectionViewCell.swift */ = {isa = PBXFileReference; lastKnownFileType = sourcecode.swift; path = GameCollectionViewCell.swift; sourceTree = "<group>"; };
		11F9E92B2CAD3E0C00832B7F /* GameView.swift */ = {isa = PBXFileReference; lastKnownFileType = sourcecode.swift; path = GameView.swift; sourceTree = "<group>"; };
		11F9E92D2CAD5FC000832B7F /* ColorExtension.swift */ = {isa = PBXFileReference; lastKnownFileType = sourcecode.swift; path = ColorExtension.swift; sourceTree = "<group>"; };
		11F9E92F2CAD655000832B7F /* ImageExtension.swift */ = {isa = PBXFileReference; lastKnownFileType = sourcecode.swift; path = ImageExtension.swift; sourceTree = "<group>"; };
		11F9E9312CAD6CB500832B7F /* UIViewExtensions.swift */ = {isa = PBXFileReference; lastKnownFileType = sourcecode.swift; path = UIViewExtensions.swift; sourceTree = "<group>"; };
		11F9E9332CAD703500832B7F /* UIImageViewFactory.swift */ = {isa = PBXFileReference; lastKnownFileType = sourcecode.swift; path = UIImageViewFactory.swift; sourceTree = "<group>"; };
		11F9E9352CAD737A00832B7F /* LabelFactory.swift */ = {isa = PBXFileReference; lastKnownFileType = sourcecode.swift; path = LabelFactory.swift; sourceTree = "<group>"; };
		16E05B762CAF07C60039604C /* LeaderCell.swift */ = {isa = PBXFileReference; lastKnownFileType = sourcecode.swift; path = LeaderCell.swift; sourceTree = "<group>"; };
		16E05B772CAF07C60039604C /* LeaderboardViewController.swift */ = {isa = PBXFileReference; lastKnownFileType = sourcecode.swift; path = LeaderboardViewController.swift; sourceTree = "<group>"; };
		16E05B782CAF07C60039604C /* LeaderboardView.swift */ = {isa = PBXFileReference; lastKnownFileType = sourcecode.swift; path = LeaderboardView.swift; sourceTree = "<group>"; };
		16E05B792CAF07C60039604C /* LeaderModel.swift */ = {isa = PBXFileReference; lastKnownFileType = sourcecode.swift; path = LeaderModel.swift; sourceTree = "<group>"; };
		D113EEDC2CB05B770065E5D5 /* StorageManager.swift */ = {isa = PBXFileReference; fileEncoding = 4; lastKnownFileType = sourcecode.swift; path = StorageManager.swift; sourceTree = "<group>"; };
		D11DAA462CB0456000B32A67 /* SettingViewCell.swift */ = {isa = PBXFileReference; fileEncoding = 4; lastKnownFileType = sourcecode.swift; path = SettingViewCell.swift; sourceTree = "<group>"; };
		D11DAA472CB0456000B32A67 /* GameSettingsViewController.swift */ = {isa = PBXFileReference; fileEncoding = 4; lastKnownFileType = sourcecode.swift; path = GameSettingsViewController.swift; sourceTree = "<group>"; };
		D11DAA482CB0456000B32A67 /* GameTimeView.swift */ = {isa = PBXFileReference; fileEncoding = 4; lastKnownFileType = sourcecode.swift; path = GameTimeView.swift; sourceTree = "<group>"; };
		D12836FF2CADA717004E024F /* RuleView.swift */ = {isa = PBXFileReference; fileEncoding = 4; lastKnownFileType = sourcecode.swift; path = RuleView.swift; sourceTree = "<group>"; };
		D12837002CADA717004E024F /* RuleModel.swift */ = {isa = PBXFileReference; fileEncoding = 4; lastKnownFileType = sourcecode.swift; path = RuleModel.swift; sourceTree = "<group>"; };
		D12837012CADA717004E024F /* RuleViewFactory.swift */ = {isa = PBXFileReference; fileEncoding = 4; lastKnownFileType = sourcecode.swift; path = RuleViewFactory.swift; sourceTree = "<group>"; };
		D12837022CADA717004E024F /* RulesViewController.swift */ = {isa = PBXFileReference; fileEncoding = 4; lastKnownFileType = sourcecode.swift; path = RulesViewController.swift; sourceTree = "<group>"; };
		D14462D12CA9E7DD00896542 /* UIButton_Extension.swift */ = {isa = PBXFileReference; lastKnownFileType = sourcecode.swift; path = UIButton_Extension.swift; sourceTree = "<group>"; };
		D18696402CA9ADA200647D14 /* TicTacToeApp.app */ = {isa = PBXFileReference; explicitFileType = wrapper.application; includeInIndex = 0; path = TicTacToeApp.app; sourceTree = BUILT_PRODUCTS_DIR; };
		D18696432CA9ADA200647D14 /* AppDelegate.swift */ = {isa = PBXFileReference; lastKnownFileType = sourcecode.swift; path = AppDelegate.swift; sourceTree = "<group>"; };
		D18696452CA9ADA200647D14 /* SceneDelegate.swift */ = {isa = PBXFileReference; lastKnownFileType = sourcecode.swift; path = SceneDelegate.swift; sourceTree = "<group>"; };
		D18696472CA9ADA200647D14 /* OnboardingViewController.swift */ = {isa = PBXFileReference; lastKnownFileType = sourcecode.swift; path = OnboardingViewController.swift; sourceTree = "<group>"; };
		D186964C2CA9ADA700647D14 /* Assets.xcassets */ = {isa = PBXFileReference; lastKnownFileType = folder.assetcatalog; path = Assets.xcassets; sourceTree = "<group>"; };
		D186964F2CA9ADA700647D14 /* Base */ = {isa = PBXFileReference; lastKnownFileType = file.storyboard; name = Base; path = Base.lproj/LaunchScreen.storyboard; sourceTree = "<group>"; };
		D18696512CA9ADA700647D14 /* Info.plist */ = {isa = PBXFileReference; lastKnownFileType = text.plist.xml; path = Info.plist; sourceTree = "<group>"; };
		D1EFF6D72CAE09F6008837FC /* SelectGameViewController.swift */ = {isa = PBXFileReference; fileEncoding = 4; lastKnownFileType = sourcecode.swift; path = SelectGameViewController.swift; sourceTree = "<group>"; };
		D1EFF6DD2CAE1004008837FC /* UIViewController_Extension.swift */ = {isa = PBXFileReference; lastKnownFileType = sourcecode.swift; path = UIViewController_Extension.swift; sourceTree = "<group>"; };
		D1EFF6DF2CAE115E008837FC /* BaseViewController.swift */ = {isa = PBXFileReference; lastKnownFileType = sourcecode.swift; path = BaseViewController.swift; sourceTree = "<group>"; };
		D1F25DAC2CA9D26F00DD3FF8 /* ResultsViewController.swift */ = {isa = PBXFileReference; lastKnownFileType = sourcecode.swift; path = ResultsViewController.swift; sourceTree = "<group>"; };
		FA184AF62CADAA690026315F /* SelectGameView.swift */ = {isa = PBXFileReference; lastKnownFileType = sourcecode.swift; path = SelectGameView.swift; sourceTree = "<group>"; };
		FA63363E2CB16AE400079D41 /* MusicManager.swift */ = {isa = PBXFileReference; lastKnownFileType = sourcecode.swift; path = MusicManager.swift; sourceTree = "<group>"; };
		FA6336412CB1711F00079D41 /* backgroundMusic.mp3 */ = {isa = PBXFileReference; lastKnownFileType = audio.mp3; path = backgroundMusic.mp3; sourceTree = "<group>"; };
		FAA1C9D92CAD77A100E94550 /* OnboardingView.swift */ = {isa = PBXFileReference; lastKnownFileType = sourcecode.swift; path = OnboardingView.swift; sourceTree = "<group>"; };
		FC22212B2CAC607200FB0F48 /* ResultModel.swift */ = {isa = PBXFileReference; lastKnownFileType = sourcecode.swift; path = ResultModel.swift; sourceTree = "<group>"; };
		FC22212D2CAC609300FB0F48 /* ResultView.swift */ = {isa = PBXFileReference; lastKnownFileType = sourcecode.swift; path = ResultView.swift; sourceTree = "<group>"; };
		FC732F6F2CB05E6D0003D00D /* TwoPlayerGameCollectionViewCell.swift */ = {isa = PBXFileReference; fileEncoding = 4; lastKnownFileType = sourcecode.swift; path = TwoPlayerGameCollectionViewCell.swift; sourceTree = "<group>"; };
		FC732F712CB05E750003D00D /* TwoPlayerGameLogic.swift */ = {isa = PBXFileReference; fileEncoding = 4; lastKnownFileType = sourcecode.swift; path = TwoPlayerGameLogic.swift; sourceTree = "<group>"; };
		FC732F732CB05E7A0003D00D /* TwoPlayerGameView.swift */ = {isa = PBXFileReference; fileEncoding = 4; lastKnownFileType = sourcecode.swift; path = TwoPlayerGameView.swift; sourceTree = "<group>"; };
		FC732F752CB05E7E0003D00D /* TwoPlayerGameViewController.swift */ = {isa = PBXFileReference; fileEncoding = 4; lastKnownFileType = sourcecode.swift; path = TwoPlayerGameViewController.swift; sourceTree = "<group>"; };
/* End PBXFileReference section */

/* Begin PBXFrameworksBuildPhase section */
		D186963D2CA9ADA200647D14 /* Frameworks */ = {
			isa = PBXFrameworksBuildPhase;
			buildActionMask = 2147483647;
			files = (
			);
			runOnlyForDeploymentPostprocessing = 0;
		};
/* End PBXFrameworksBuildPhase section */

/* Begin PBXGroup section */
		11F9E92A2CAD3D3A00832B7F /* GameModule */ = {
			isa = PBXGroup;
			children = (
				11F9E9262CAD3C4C00832B7F /* GameViewController.swift */,
				11F9E9282CAD3C7200832B7F /* GameCollectionViewCell.swift */,
				11F9E92B2CAD3E0C00832B7F /* GameView.swift */,
				1104FEE82CB19C7800400826 /* GameModel.swift */,
				1104FEEA2CB19DC400400826 /* PCGameLogic.swift */,
				FC732F6E2CB05E5F0003D00D /* 2PlayerGame */,
			);
			path = GameModule;
			sourceTree = "<group>";
		};
		16E05B7A2CAF07C60039604C /* LeaderboardModule */ = {
			isa = PBXGroup;
			children = (
				16E05B762CAF07C60039604C /* LeaderCell.swift */,
				16E05B772CAF07C60039604C /* LeaderboardViewController.swift */,
				16E05B782CAF07C60039604C /* LeaderboardView.swift */,
				16E05B792CAF07C60039604C /* LeaderModel.swift */,
			);
			path = LeaderboardModule;
			sourceTree = "<group>";
		};
		D113EEDB2CB05B770065E5D5 /* Manager */ = {
			isa = PBXGroup;
			children = (
				FA63363E2CB16AE400079D41 /* MusicManager.swift */,
				D113EEDC2CB05B770065E5D5 /* StorageManager.swift */,
			);
			path = Manager;
			sourceTree = "<group>";
		};
		D11DAA452CB0456000B32A67 /* Collect */ = {
			isa = PBXGroup;
			children = (
				D11DAA462CB0456000B32A67 /* SettingViewCell.swift */,
				D11DAA472CB0456000B32A67 /* GameSettingsViewController.swift */,
				D11DAA482CB0456000B32A67 /* GameTimeView.swift */,
			);
			path = Collect;
			sourceTree = "<group>";
		};
		D12836FE2CADA717004E024F /* RulesModule */ = {
			isa = PBXGroup;
			children = (
				D12836FF2CADA717004E024F /* RuleView.swift */,
				D12837002CADA717004E024F /* RuleModel.swift */,
				D12837012CADA717004E024F /* RuleViewFactory.swift */,
				D12837022CADA717004E024F /* RulesViewController.swift */,
			);
			path = RulesModule;
			sourceTree = "<group>";
		};
		D14462CF2CA9E71200896542 /* Resources */ = {
			isa = PBXGroup;
			children = (
				FA6336402CB170FB00079D41 /* Music */,
				D186964C2CA9ADA700647D14 /* Assets.xcassets */,
			);
			path = Resources;
			sourceTree = "<group>";
		};
		D14462D02CA9E73800896542 /* Extensions */ = {
			isa = PBXGroup;
			children = (
				D14462D12CA9E7DD00896542 /* UIButton_Extension.swift */,
				11F9E92D2CAD5FC000832B7F /* ColorExtension.swift */,
				11F9E92F2CAD655000832B7F /* ImageExtension.swift */,
				11F9E9312CAD6CB500832B7F /* UIViewExtensions.swift */,
				11F9E9332CAD703500832B7F /* UIImageViewFactory.swift */,
				11F9E9352CAD737A00832B7F /* LabelFactory.swift */,
				D1EFF6DD2CAE1004008837FC /* UIViewController_Extension.swift */,
				D1EFF6DF2CAE115E008837FC /* BaseViewController.swift */,
			);
			path = Extensions;
			sourceTree = "<group>";
		};
		D18696372CA9ADA200647D14 = {
			isa = PBXGroup;
			children = (
				D18696422CA9ADA200647D14 /* TicTacToeApp */,
				D18696412CA9ADA200647D14 /* Products */,
			);
			sourceTree = "<group>";
		};
		D18696412CA9ADA200647D14 /* Products */ = {
			isa = PBXGroup;
			children = (
				D18696402CA9ADA200647D14 /* TicTacToeApp.app */,
			);
			name = Products;
			sourceTree = "<group>";
		};
		D18696422CA9ADA200647D14 /* TicTacToeApp */ = {
			isa = PBXGroup;
			children = (
				D113EEDB2CB05B770065E5D5 /* Manager */,
				16E05B7A2CAF07C60039604C /* LeaderboardModule */,
				FA184AF52CADAA0A0026315F /* SelectGameModule */,
				D12836FE2CADA717004E024F /* RulesModule */,
				FAA1C9D82CAD776D00E94550 /* OnboardingModule */,
				D1E8EFD52CACE8A1008242E7 /* SettingsModule */,
				FC22212A2CAC605500FB0F48 /* ResultsModule */,
				D14462D02CA9E73800896542 /* Extensions */,
				D14462CF2CA9E71200896542 /* Resources */,
				11F9E92A2CAD3D3A00832B7F /* GameModule */,
				D186964E2CA9ADA700647D14 /* LaunchScreen.storyboard */,
				D18696432CA9ADA200647D14 /* AppDelegate.swift */,
				D18696452CA9ADA200647D14 /* SceneDelegate.swift */,
				D18696512CA9ADA700647D14 /* Info.plist */,
			);
			path = TicTacToeApp;
			sourceTree = "<group>";
		};
		D1E8EFD52CACE8A1008242E7 /* SettingsModule */ = {
			isa = PBXGroup;
			children = (
				D11DAA452CB0456000B32A67 /* Collect */,
			);
			path = SettingsModule;
			sourceTree = "<group>";
		};
		FA184AF52CADAA0A0026315F /* SelectGameModule */ = {
			isa = PBXGroup;
			children = (
				D1EFF6D72CAE09F6008837FC /* SelectGameViewController.swift */,
				FA184AF62CADAA690026315F /* SelectGameView.swift */,
			);
			path = SelectGameModule;
			sourceTree = "<group>";
		};
		FA6336402CB170FB00079D41 /* Music */ = {
			isa = PBXGroup;
			children = (
				FA6336412CB1711F00079D41 /* backgroundMusic.mp3 */,
			);
			path = Music;
			sourceTree = "<group>";
		};
		FAA1C9D82CAD776D00E94550 /* OnboardingModule */ = {
			isa = PBXGroup;
			children = (
				D18696472CA9ADA200647D14 /* OnboardingViewController.swift */,
				FAA1C9D92CAD77A100E94550 /* OnboardingView.swift */,
			);
			path = OnboardingModule;
			sourceTree = "<group>";
		};
		FC22212A2CAC605500FB0F48 /* ResultsModule */ = {
			isa = PBXGroup;
			children = (
				D1F25DAC2CA9D26F00DD3FF8 /* ResultsViewController.swift */,
				FC22212B2CAC607200FB0F48 /* ResultModel.swift */,
				FC22212D2CAC609300FB0F48 /* ResultView.swift */,
			);
			path = ResultsModule;
			sourceTree = "<group>";
		};
		FC732F6E2CB05E5F0003D00D /* 2PlayerGame */ = {
			isa = PBXGroup;
			children = (
				FC732F752CB05E7E0003D00D /* TwoPlayerGameViewController.swift */,
				FC732F732CB05E7A0003D00D /* TwoPlayerGameView.swift */,
				FC732F712CB05E750003D00D /* TwoPlayerGameLogic.swift */,
				FC732F6F2CB05E6D0003D00D /* TwoPlayerGameCollectionViewCell.swift */,
			);
			path = 2PlayerGame;
			sourceTree = "<group>";
		};
/* End PBXGroup section */

/* Begin PBXNativeTarget section */
		D186963F2CA9ADA200647D14 /* TicTacToeApp */ = {
			isa = PBXNativeTarget;
			buildConfigurationList = D18696542CA9ADA700647D14 /* Build configuration list for PBXNativeTarget "TicTacToeApp" */;
			buildPhases = (
				D186963C2CA9ADA200647D14 /* Sources */,
				D186963D2CA9ADA200647D14 /* Frameworks */,
				D186963E2CA9ADA200647D14 /* Resources */,
			);
			buildRules = (
			);
			dependencies = (
			);
			name = TicTacToeApp;
			productName = TicTacToeApp;
			productReference = D18696402CA9ADA200647D14 /* TicTacToeApp.app */;
			productType = "com.apple.product-type.application";
		};
/* End PBXNativeTarget section */

/* Begin PBXProject section */
		D18696382CA9ADA200647D14 /* Project object */ = {
			isa = PBXProject;
			attributes = {
				BuildIndependentTargetsInParallel = 1;
				LastSwiftUpdateCheck = 1420;
				LastUpgradeCheck = 1420;
				TargetAttributes = {
					D186963F2CA9ADA200647D14 = {
						CreatedOnToolsVersion = 14.2;
					};
				};
			};
			buildConfigurationList = D186963B2CA9ADA200647D14 /* Build configuration list for PBXProject "TicTacToeApp" */;
			compatibilityVersion = "Xcode 14.0";
			developmentRegion = en;
			hasScannedForEncodings = 0;
			knownRegions = (
				en,
				Base,
			);
			mainGroup = D18696372CA9ADA200647D14;
			productRefGroup = D18696412CA9ADA200647D14 /* Products */;
			projectDirPath = "";
			projectRoot = "";
			targets = (
				D186963F2CA9ADA200647D14 /* TicTacToeApp */,
			);
		};
/* End PBXProject section */

/* Begin PBXResourcesBuildPhase section */
		D186963E2CA9ADA200647D14 /* Resources */ = {
			isa = PBXResourcesBuildPhase;
			buildActionMask = 2147483647;
			files = (
				D18696502CA9ADA700647D14 /* LaunchScreen.storyboard in Resources */,
				D186964D2CA9ADA700647D14 /* Assets.xcassets in Resources */,
				FA6336422CB1711F00079D41 /* backgroundMusic.mp3 in Resources */,
			);
			runOnlyForDeploymentPostprocessing = 0;
		};
/* End PBXResourcesBuildPhase section */

/* Begin PBXSourcesBuildPhase section */
		D186963C2CA9ADA200647D14 /* Sources */ = {
			isa = PBXSourcesBuildPhase;
			buildActionMask = 2147483647;
			files = (
				FC732F762CB05E7E0003D00D /* TwoPlayerGameViewController.swift in Sources */,
				D14462D22CA9E7DD00896542 /* UIButton_Extension.swift in Sources */,
				FC22212E2CAC609300FB0F48 /* ResultView.swift in Sources */,
				D12837052CADA717004E024F /* RuleViewFactory.swift in Sources */,
				D18696482CA9ADA200647D14 /* OnboardingViewController.swift in Sources */,
				D1EFF6E02CAE115E008837FC /* BaseViewController.swift in Sources */,
				D11DAA4A2CB0456000B32A67 /* GameSettingsViewController.swift in Sources */,
				1104FEE92CB19C7800400826 /* GameModel.swift in Sources */,
				11F9E9342CAD703500832B7F /* UIImageViewFactory.swift in Sources */,
				11F9E92C2CAD3E0C00832B7F /* GameView.swift in Sources */,
				11F9E9272CAD3C4C00832B7F /* GameViewController.swift in Sources */,
				D18696442CA9ADA200647D14 /* AppDelegate.swift in Sources */,
				FC732F722CB05E750003D00D /* TwoPlayerGameLogic.swift in Sources */,
				D11DAA4B2CB0456000B32A67 /* GameTimeView.swift in Sources */,
				11F9E9302CAD655000832B7F /* ImageExtension.swift in Sources */,
				1104FEEB2CB19DC400400826 /* PCGameLogic.swift in Sources */,
				D18696462CA9ADA200647D14 /* SceneDelegate.swift in Sources */,
				11F9E9362CAD737A00832B7F /* LabelFactory.swift in Sources */,
				D1EFF6DE2CAE1004008837FC /* UIViewController_Extension.swift in Sources */,
				D12837042CADA717004E024F /* RuleModel.swift in Sources */,
				11F9E92E2CAD5FC000832B7F /* ColorExtension.swift in Sources */,
				FC732F742CB05E7A0003D00D /* TwoPlayerGameView.swift in Sources */,
				FA63363F2CB16AEA00079D41 /* MusicManager.swift in Sources */,
				D11DAA492CB0456000B32A67 /* SettingViewCell.swift in Sources */,
				11F9E9292CAD3C7200832B7F /* GameCollectionViewCell.swift in Sources */,
				16E05B7B2CAF07C60039604C /* LeaderboardView.swift in Sources */,
				16E05B7C2CAF07C60039604C /* LeaderModel.swift in Sources */,
				16E05B7D2CAF07C60039604C /* LeaderboardViewController.swift in Sources */,
				16E05B7E2CAF07C60039604C /* LeaderCell.swift in Sources */,
				FC732F702CB05E6D0003D00D /* TwoPlayerGameCollectionViewCell.swift in Sources */,
				D12837032CADA717004E024F /* RuleView.swift in Sources */,
				FC22212C2CAC607200FB0F48 /* ResultModel.swift in Sources */,
				D12837062CADA717004E024F /* RulesViewController.swift in Sources */,
				D1F25DAD2CA9D26F00DD3FF8 /* ResultsViewController.swift in Sources */,
				FA184AF72CADAA690026315F /* SelectGameView.swift in Sources */,
				11F9E9322CAD6CB500832B7F /* UIViewExtensions.swift in Sources */,
				D1EFF6D82CAE09F6008837FC /* SelectGameViewController.swift in Sources */,
				FAA1C9DA2CAD77A100E94550 /* OnboardingView.swift in Sources */,
				D113EEDD2CB05B780065E5D5 /* StorageManager.swift in Sources */,
			);
			runOnlyForDeploymentPostprocessing = 0;
		};
/* End PBXSourcesBuildPhase section */

/* Begin PBXVariantGroup section */
		D186964E2CA9ADA700647D14 /* LaunchScreen.storyboard */ = {
			isa = PBXVariantGroup;
			children = (
				D186964F2CA9ADA700647D14 /* Base */,
			);
			name = LaunchScreen.storyboard;
			sourceTree = "<group>";
		};
/* End PBXVariantGroup section */

/* Begin XCBuildConfiguration section */
		D18696522CA9ADA700647D14 /* Debug */ = {
			isa = XCBuildConfiguration;
			buildSettings = {
				ALWAYS_SEARCH_USER_PATHS = NO;
				CLANG_ANALYZER_NONNULL = YES;
				CLANG_ANALYZER_NUMBER_OBJECT_CONVERSION = YES_AGGRESSIVE;
				CLANG_CXX_LANGUAGE_STANDARD = "gnu++20";
				CLANG_ENABLE_MODULES = YES;
				CLANG_ENABLE_OBJC_ARC = YES;
				CLANG_ENABLE_OBJC_WEAK = YES;
				CLANG_WARN_BLOCK_CAPTURE_AUTORELEASING = YES;
				CLANG_WARN_BOOL_CONVERSION = YES;
				CLANG_WARN_COMMA = YES;
				CLANG_WARN_CONSTANT_CONVERSION = YES;
				CLANG_WARN_DEPRECATED_OBJC_IMPLEMENTATIONS = YES;
				CLANG_WARN_DIRECT_OBJC_ISA_USAGE = YES_ERROR;
				CLANG_WARN_DOCUMENTATION_COMMENTS = YES;
				CLANG_WARN_EMPTY_BODY = YES;
				CLANG_WARN_ENUM_CONVERSION = YES;
				CLANG_WARN_INFINITE_RECURSION = YES;
				CLANG_WARN_INT_CONVERSION = YES;
				CLANG_WARN_NON_LITERAL_NULL_CONVERSION = YES;
				CLANG_WARN_OBJC_IMPLICIT_RETAIN_SELF = YES;
				CLANG_WARN_OBJC_LITERAL_CONVERSION = YES;
				CLANG_WARN_OBJC_ROOT_CLASS = YES_ERROR;
				CLANG_WARN_QUOTED_INCLUDE_IN_FRAMEWORK_HEADER = YES;
				CLANG_WARN_RANGE_LOOP_ANALYSIS = YES;
				CLANG_WARN_STRICT_PROTOTYPES = YES;
				CLANG_WARN_SUSPICIOUS_MOVE = YES;
				CLANG_WARN_UNGUARDED_AVAILABILITY = YES_AGGRESSIVE;
				CLANG_WARN_UNREACHABLE_CODE = YES;
				CLANG_WARN__DUPLICATE_METHOD_MATCH = YES;
				COPY_PHASE_STRIP = NO;
				DEBUG_INFORMATION_FORMAT = dwarf;
				ENABLE_STRICT_OBJC_MSGSEND = YES;
				ENABLE_TESTABILITY = YES;
				GCC_C_LANGUAGE_STANDARD = gnu11;
				GCC_DYNAMIC_NO_PIC = NO;
				GCC_NO_COMMON_BLOCKS = YES;
				GCC_OPTIMIZATION_LEVEL = 0;
				GCC_PREPROCESSOR_DEFINITIONS = (
					"DEBUG=1",
					"$(inherited)",
				);
				GCC_WARN_64_TO_32_BIT_CONVERSION = YES;
				GCC_WARN_ABOUT_RETURN_TYPE = YES_ERROR;
				GCC_WARN_UNDECLARED_SELECTOR = YES;
				GCC_WARN_UNINITIALIZED_AUTOS = YES_AGGRESSIVE;
				GCC_WARN_UNUSED_FUNCTION = YES;
				GCC_WARN_UNUSED_VARIABLE = YES;
				IPHONEOS_DEPLOYMENT_TARGET = 15.0;
				MTL_ENABLE_DEBUG_INFO = INCLUDE_SOURCE;
				MTL_FAST_MATH = YES;
				ONLY_ACTIVE_ARCH = YES;
				SDKROOT = iphoneos;
				SWIFT_ACTIVE_COMPILATION_CONDITIONS = DEBUG;
				SWIFT_OPTIMIZATION_LEVEL = "-Onone";
			};
			name = Debug;
		};
		D18696532CA9ADA700647D14 /* Release */ = {
			isa = XCBuildConfiguration;
			buildSettings = {
				ALWAYS_SEARCH_USER_PATHS = NO;
				CLANG_ANALYZER_NONNULL = YES;
				CLANG_ANALYZER_NUMBER_OBJECT_CONVERSION = YES_AGGRESSIVE;
				CLANG_CXX_LANGUAGE_STANDARD = "gnu++20";
				CLANG_ENABLE_MODULES = YES;
				CLANG_ENABLE_OBJC_ARC = YES;
				CLANG_ENABLE_OBJC_WEAK = YES;
				CLANG_WARN_BLOCK_CAPTURE_AUTORELEASING = YES;
				CLANG_WARN_BOOL_CONVERSION = YES;
				CLANG_WARN_COMMA = YES;
				CLANG_WARN_CONSTANT_CONVERSION = YES;
				CLANG_WARN_DEPRECATED_OBJC_IMPLEMENTATIONS = YES;
				CLANG_WARN_DIRECT_OBJC_ISA_USAGE = YES_ERROR;
				CLANG_WARN_DOCUMENTATION_COMMENTS = YES;
				CLANG_WARN_EMPTY_BODY = YES;
				CLANG_WARN_ENUM_CONVERSION = YES;
				CLANG_WARN_INFINITE_RECURSION = YES;
				CLANG_WARN_INT_CONVERSION = YES;
				CLANG_WARN_NON_LITERAL_NULL_CONVERSION = YES;
				CLANG_WARN_OBJC_IMPLICIT_RETAIN_SELF = YES;
				CLANG_WARN_OBJC_LITERAL_CONVERSION = YES;
				CLANG_WARN_OBJC_ROOT_CLASS = YES_ERROR;
				CLANG_WARN_QUOTED_INCLUDE_IN_FRAMEWORK_HEADER = YES;
				CLANG_WARN_RANGE_LOOP_ANALYSIS = YES;
				CLANG_WARN_STRICT_PROTOTYPES = YES;
				CLANG_WARN_SUSPICIOUS_MOVE = YES;
				CLANG_WARN_UNGUARDED_AVAILABILITY = YES_AGGRESSIVE;
				CLANG_WARN_UNREACHABLE_CODE = YES;
				CLANG_WARN__DUPLICATE_METHOD_MATCH = YES;
				COPY_PHASE_STRIP = NO;
				DEBUG_INFORMATION_FORMAT = "dwarf-with-dsym";
				ENABLE_NS_ASSERTIONS = NO;
				ENABLE_STRICT_OBJC_MSGSEND = YES;
				GCC_C_LANGUAGE_STANDARD = gnu11;
				GCC_NO_COMMON_BLOCKS = YES;
				GCC_WARN_64_TO_32_BIT_CONVERSION = YES;
				GCC_WARN_ABOUT_RETURN_TYPE = YES_ERROR;
				GCC_WARN_UNDECLARED_SELECTOR = YES;
				GCC_WARN_UNINITIALIZED_AUTOS = YES_AGGRESSIVE;
				GCC_WARN_UNUSED_FUNCTION = YES;
				GCC_WARN_UNUSED_VARIABLE = YES;
				IPHONEOS_DEPLOYMENT_TARGET = 15.0;
				MTL_ENABLE_DEBUG_INFO = NO;
				MTL_FAST_MATH = YES;
				SDKROOT = iphoneos;
				SWIFT_COMPILATION_MODE = wholemodule;
				SWIFT_OPTIMIZATION_LEVEL = "-O";
				VALIDATE_PRODUCT = YES;
			};
			name = Release;
		};
		D18696552CA9ADA700647D14 /* Debug */ = {
			isa = XCBuildConfiguration;
			buildSettings = {
				ASSETCATALOG_COMPILER_APPICON_NAME = AppIcon;
				ASSETCATALOG_COMPILER_GLOBAL_ACCENT_COLOR_NAME = AccentColor;
				CODE_SIGN_STYLE = Automatic;
				CURRENT_PROJECT_VERSION = 1;
				GENERATE_INFOPLIST_FILE = YES;
				INFOPLIST_FILE = TicTacToeApp/Info.plist;
				INFOPLIST_KEY_UIApplicationSupportsIndirectInputEvents = YES;
				INFOPLIST_KEY_UILaunchStoryboardName = LaunchScreen;
				INFOPLIST_KEY_UISupportedInterfaceOrientations_iPad = "UIInterfaceOrientationPortrait UIInterfaceOrientationPortraitUpsideDown UIInterfaceOrientationLandscapeLeft UIInterfaceOrientationLandscapeRight";
				INFOPLIST_KEY_UISupportedInterfaceOrientations_iPhone = "UIInterfaceOrientationPortrait UIInterfaceOrientationLandscapeLeft UIInterfaceOrientationLandscapeRight";
				LD_RUNPATH_SEARCH_PATHS = (
					"$(inherited)",
					"@executable_path/Frameworks",
				);
				MARKETING_VERSION = 1.0;
				PRODUCT_BUNDLE_IDENTIFIER = com.Dmitry.ticTacToeApp.TicTacToeApp;
				PRODUCT_NAME = "$(TARGET_NAME)";
				SWIFT_EMIT_LOC_STRINGS = YES;
				SWIFT_VERSION = 5.0;
				TARGETED_DEVICE_FAMILY = "1,2";
			};
			name = Debug;
		};
		D18696562CA9ADA700647D14 /* Release */ = {
			isa = XCBuildConfiguration;
			buildSettings = {
				ASSETCATALOG_COMPILER_APPICON_NAME = AppIcon;
				ASSETCATALOG_COMPILER_GLOBAL_ACCENT_COLOR_NAME = AccentColor;
				CODE_SIGN_STYLE = Automatic;
				CURRENT_PROJECT_VERSION = 1;
				GENERATE_INFOPLIST_FILE = YES;
				INFOPLIST_FILE = TicTacToeApp/Info.plist;
				INFOPLIST_KEY_UIApplicationSupportsIndirectInputEvents = YES;
				INFOPLIST_KEY_UILaunchStoryboardName = LaunchScreen;
				INFOPLIST_KEY_UISupportedInterfaceOrientations_iPad = "UIInterfaceOrientationPortrait UIInterfaceOrientationPortraitUpsideDown UIInterfaceOrientationLandscapeLeft UIInterfaceOrientationLandscapeRight";
				INFOPLIST_KEY_UISupportedInterfaceOrientations_iPhone = "UIInterfaceOrientationPortrait UIInterfaceOrientationLandscapeLeft UIInterfaceOrientationLandscapeRight";
				LD_RUNPATH_SEARCH_PATHS = (
					"$(inherited)",
					"@executable_path/Frameworks",
				);
				MARKETING_VERSION = 1.0;
				PRODUCT_BUNDLE_IDENTIFIER = com.Dmitry.ticTacToeApp.TicTacToeApp;
				PRODUCT_NAME = "$(TARGET_NAME)";
				SWIFT_EMIT_LOC_STRINGS = YES;
				SWIFT_VERSION = 5.0;
				TARGETED_DEVICE_FAMILY = "1,2";
			};
			name = Release;
		};
/* End XCBuildConfiguration section */

/* Begin XCConfigurationList section */
		D186963B2CA9ADA200647D14 /* Build configuration list for PBXProject "TicTacToeApp" */ = {
			isa = XCConfigurationList;
			buildConfigurations = (
				D18696522CA9ADA700647D14 /* Debug */,
				D18696532CA9ADA700647D14 /* Release */,
			);
			defaultConfigurationIsVisible = 0;
			defaultConfigurationName = Release;
		};
		D18696542CA9ADA700647D14 /* Build configuration list for PBXNativeTarget "TicTacToeApp" */ = {
			isa = XCConfigurationList;
			buildConfigurations = (
				D18696552CA9ADA700647D14 /* Debug */,
				D18696562CA9ADA700647D14 /* Release */,
			);
			defaultConfigurationIsVisible = 0;
			defaultConfigurationName = Release;
		};
/* End XCConfigurationList section */
	};
	rootObject = D18696382CA9ADA200647D14 /* Project object */;
}
